Microsoft Visual Studio Solution File, Format Version 12.00
# Visual Studio Version 17
VisualStudioVersion = 17.0.31903.59
MinimumVisualStudioVersion = 10.0.40219.1
Project("{9A19103F-16F7-4668-BE54-9A1E7A4F7556}") = "Nexo.BuildingBlocks.Domain", "src\BuildingBlocks\Nexo.BuildingBlocks.Domain\Nexo.BuildingBlocks.Domain.csproj", "{B1000000-0000-0000-0000-000000000001}"
EndProject
Project("{9A19103F-16F7-4668-BE54-9A1E7A4F7556}") = "Nexo.BuildingBlocks.Application", "src\BuildingBlocks\Nexo.BuildingBlocks.Application\Nexo.BuildingBlocks.Application.csproj", "{B1000000-0000-0000-0000-000000000002}"
EndProject
Project("{9A19103F-16F7-4668-BE54-9A1E7A4F7556}") = "Nexo.BuildingBlocks.MultiTenancy", "src\BuildingBlocks\Nexo.BuildingBlocks.MultiTenancy\Nexo.BuildingBlocks.MultiTenancy.csproj", "{B1000000-0000-0000-0000-000000000003}"
EndProject
Project("{9A19103F-16F7-4668-BE54-9A1E7A4F7556}") = "Nexo.BuildingBlocks.Messaging", "src\BuildingBlocks\Nexo.BuildingBlocks.Messaging\Nexo.BuildingBlocks.Messaging.csproj", "{B1000000-0000-0000-0000-000000000004}"
EndProject
Project("{9A19103F-16F7-4668-BE54-9A1E7A4F7556}") = "Nexo.BuildingBlocks.Observability", "src\BuildingBlocks\Nexo.BuildingBlocks.Observability\Nexo.BuildingBlocks.Observability.csproj", "{B1000000-0000-0000-0000-000000000005}"
EndProject
Project("{9A19103F-16F7-4668-BE54-9A1E7A4F7556}") = "Nexo.BuildingBlocks.Web", "src\BuildingBlocks\Nexo.BuildingBlocks.Web\Nexo.BuildingBlocks.Web.csproj", "{B1000000-0000-0000-0000-000000000006}"
EndProject
Project("{9A19103F-16F7-4668-BE54-9A1E7A4F7556}") = "Nexo.Production.Domain", "src\Services\Nexo.Production\Nexo.Production.Domain\Nexo.Production.Domain.csproj", "{B1000000-0000-0000-0000-000000000007}"
EndProject
Project("{9A19103F-16F7-4668-BE54-9A1E7A4F7556}") = "Nexo.Production.Application", "src\Services\Nexo.Production\Nexo.Production.Application\Nexo.Production.Application.csproj", "{B1000000-0000-0000-0000-000000000008}"
EndProject
Project("{9A19103F-16F7-4668-BE54-9A1E7A4F7556}") = "Nexo.Production.Infrastructure", "src\Services\Nexo.Production\Nexo.Production.Infrastructure\Nexo.Production.Infrastructure.csproj", "{B1000000-0000-0000-0000-000000000009}"
EndProject
Project("{9A19103F-16F7-4668-BE54-9A1E7A4F7556}") = "Nexo.Production.Api", "src\Services\Nexo.Production\Nexo.Production.Api\Nexo.Production.Api.csproj", "{B1000000-0000-0000-0000-000000000010}"
EndProject
Project("{9A19103F-16F7-4668-BE54-9A1E7A4F7556}") = "Nexo.Production.Tests", "tests\Nexo.Production.Tests\Nexo.Production.Tests.csproj", "{B1000000-0000-0000-0000-000000000011}"
EndProject
Project("{2150E333-8FDC-42A3-9474-1A3956D46DE8}") = "src", "src", "{1789C23A-03BB-472C-8899-A7C00F4A2C25}"
EndProject
Project("{2150E333-8FDC-42A3-9474-1A3956D46DE8}") = "Services", "Services", "{A6F31C10-EE8D-43F3-A8AC-3D4D9971809C}"
EndProject
Project("{2150E333-8FDC-42A3-9474-1A3956D46DE8}") = "Nexo.MasterData", "Nexo.MasterData", "{B5723FB2-90A2-4AE1-9B2C-F7B809AC9451}"
EndProject
Project("{FAE04EC0-301F-11D3-BF4B-00C04F79EFBC}") = "Nexo.MasterData.Api", "src\Services\Nexo.MasterData\Nexo.MasterData.Api\Nexo.MasterData.Api.csproj", "{A1640F39-6CCC-45BD-942E-E7AD5BC465FB}"
EndProject
Project("{FAE04EC0-301F-11D3-BF4B-00C04F79EFBC}") = "Nexo.MasterData.Application", "src\Services\Nexo.MasterData\Nexo.MasterData.Application\Nexo.MasterData.Application.csproj", "{543F088D-26A1-4B45-8378-AA1BEBB8548E}"
EndProject
Project("{FAE04EC0-301F-11D3-BF4B-00C04F79EFBC}") = "Nexo.MasterData.Domain", "src\Services\Nexo.MasterData\Nexo.MasterData.Domain\Nexo.MasterData.Domain.csproj", "{AC040CC0-B402-4030-BB7C-016C0BB7E91C}"
EndProject
Project("{FAE04EC0-301F-11D3-BF4B-00C04F79EFBC}") = "Nexo.MasterData.Infrastructure", "src\Services\Nexo.MasterData\Nexo.MasterData.Infrastructure\Nexo.MasterData.Infrastructure.csproj", "{B9CAE6C2-2050-42E8-9F41-05C70D2B589E}"
EndProject
Project("{2150E333-8FDC-42A3-9474-1A3956D46DE8}") = "tests", "tests", "{7A0997D7-D3B4-43CB-8AD3-F0794E71900F}"
EndProject
Project("{FAE04EC0-301F-11D3-BF4B-00C04F79EFBC}") = "Nexo.MasterData.Tests", "tests\Nexo.MasterData.Tests\Nexo.MasterData.Tests.csproj", "{BF88FBAE-60FB-4B3C-98B1-203DDF290148}"
EndProject
Project("{2150E333-8FDC-42A3-9474-1A3956D46DE8}") = "Nexo.WorkModel", "Nexo.WorkModel", "{E64DCB25-CF71-4475-A7B5-4E68D3344E49}"
EndProject
Project("{FAE04EC0-301F-11D3-BF4B-00C04F79EFBC}") = "Nexo.WorkModel.Api", "src\Services\Nexo.WorkModel\Nexo.WorkModel.Api\Nexo.WorkModel.Api.csproj", "{BF3F17AF-B5CC-441F-B1FC-4FDBE3D93BFB}"
EndProject
Project("{FAE04EC0-301F-11D3-BF4B-00C04F79EFBC}") = "Nexo.WorkModel.Application", "src\Services\Nexo.WorkModel\Nexo.WorkModel.Application\Nexo.WorkModel.Application.csproj", "{E7566385-6749-4CD1-ACAB-E74263CE8C59}"
EndProject
Project("{FAE04EC0-301F-11D3-BF4B-00C04F79EFBC}") = "Nexo.WorkModel.Domain", "src\Services\Nexo.WorkModel\Nexo.WorkModel.Domain\Nexo.WorkModel.Domain.csproj", "{3EBD2984-2226-4A82-B6D8-DF406CD505F7}"
EndProject
Project("{FAE04EC0-301F-11D3-BF4B-00C04F79EFBC}") = "Nexo.WorkModel.Infrastructure", "src\Services\Nexo.WorkModel\Nexo.WorkModel.Infrastructure\Nexo.WorkModel.Infrastructure.csproj", "{632A4545-1464-4412-AFF8-01A4EA18A271}"
EndProject
Project("{FAE04EC0-301F-11D3-BF4B-00C04F79EFBC}") = "Nexo.WorkModel.Tests", "tests\Nexo.WorkModel.Tests\Nexo.WorkModel.Tests.csproj", "{466BF236-8DDE-43F3-B9E1-53EE3A8203A3}"
EndProject
Project("{2150E333-8FDC-42A3-9474-1A3956D46DE8}") = "Nexo.Execution", "Nexo.Execution", "{A330CAB9-FA59-450E-8BB3-1FDA87E45831}"
EndProject
Project("{FAE04EC0-301F-11D3-BF4B-00C04F79EFBC}") = "Nexo.Execution.Api", "src\Services\Nexo.Execution\Nexo.Execution.Api\Nexo.Execution.Api.csproj", "{318F4A43-7E94-4F0C-9A73-B1C1E2C79DC6}"
EndProject
Project("{FAE04EC0-301F-11D3-BF4B-00C04F79EFBC}") = "Nexo.Execution.Application", "src\Services\Nexo.Execution\Nexo.Execution.Application\Nexo.Execution.Application.csproj", "{58E9E20B-4AC2-422B-9FF3-5AB96303A796}"
EndProject
Project("{FAE04EC0-301F-11D3-BF4B-00C04F79EFBC}") = "Nexo.Execution.Domain", "src\Services\Nexo.Execution\Nexo.Execution.Domain\Nexo.Execution.Domain.csproj", "{08A2990F-8ACB-49CB-8088-FC29677C53C1}"
EndProject
Project("{FAE04EC0-301F-11D3-BF4B-00C04F79EFBC}") = "Nexo.Execution.Infrastructure", "src\Services\Nexo.Execution\Nexo.Execution.Infrastructure\Nexo.Execution.Infrastructure.csproj", "{2B50F7C3-47C1-4392-A11B-0E8EB73A2377}"
EndProject
Project("{FAE04EC0-301F-11D3-BF4B-00C04F79EFBC}") = "Nexo.Execution.Tests", "tests\Nexo.Execution.Tests\Nexo.Execution.Tests.csproj", "{91A03B27-EF0A-49AA-9161-393AB3E51C4F}"
EndProject
Project("{2150E333-8FDC-42A3-9474-1A3956D46DE8}") = "BuildingBlocks", "BuildingBlocks", "{348D1DB6-DDA0-4F47-94AC-B27640806070}"
EndProject
Project("{FAE04EC0-301F-11D3-BF4B-00C04F79EFBC}") = "Nexo.BuildingBlocks.Outbox", "src\BuildingBlocks\Nexo.BuildingBlocks.Outbox\Nexo.BuildingBlocks.Outbox.csproj", "{C8F3A98F-3736-4E84-B8C3-4AED5B64F931}"
EndProject
Global
	GlobalSection(SolutionConfigurationPlatforms) = preSolution
		Debug|Any CPU = Debug|Any CPU
		Release|Any CPU = Release|Any CPU
	EndGlobalSection
	GlobalSection(ProjectConfigurationPlatforms) = postSolution
		{B1000000-0000-0000-0000-000000000001}.Debug|Any CPU.ActiveCfg = Debug|Any CPU
		{B1000000-0000-0000-0000-000000000001}.Debug|Any CPU.Build.0 = Debug|Any CPU
		{B1000000-0000-0000-0000-000000000001}.Release|Any CPU.ActiveCfg = Release|Any CPU
		{B1000000-0000-0000-0000-000000000001}.Release|Any CPU.Build.0 = Release|Any CPU
		{B1000000-0000-0000-0000-000000000002}.Debug|Any CPU.ActiveCfg = Debug|Any CPU
		{B1000000-0000-0000-0000-000000000002}.Debug|Any CPU.Build.0 = Debug|Any CPU
		{B1000000-0000-0000-0000-000000000002}.Release|Any CPU.ActiveCfg = Release|Any CPU
		{B1000000-0000-0000-0000-000000000002}.Release|Any CPU.Build.0 = Release|Any CPU
		{B1000000-0000-0000-0000-000000000003}.Debug|Any CPU.ActiveCfg = Debug|Any CPU
		{B1000000-0000-0000-0000-000000000003}.Debug|Any CPU.Build.0 = Debug|Any CPU
		{B1000000-0000-0000-0000-000000000003}.Release|Any CPU.ActiveCfg = Release|Any CPU
		{B1000000-0000-0000-0000-000000000003}.Release|Any CPU.Build.0 = Release|Any CPU
		{B1000000-0000-0000-0000-000000000004}.Debug|Any CPU.ActiveCfg = Debug|Any CPU
		{B1000000-0000-0000-0000-000000000004}.Debug|Any CPU.Build.0 = Debug|Any CPU
		{B1000000-0000-0000-0000-000000000004}.Release|Any CPU.ActiveCfg = Release|Any CPU
		{B1000000-0000-0000-0000-000000000004}.Release|Any CPU.Build.0 = Release|Any CPU
		{B1000000-0000-0000-0000-000000000005}.Debug|Any CPU.ActiveCfg = Debug|Any CPU
		{B1000000-0000-0000-0000-000000000005}.Debug|Any CPU.Build.0 = Debug|Any CPU
		{B1000000-0000-0000-0000-000000000005}.Release|Any CPU.ActiveCfg = Release|Any CPU
		{B1000000-0000-0000-0000-000000000005}.Release|Any CPU.Build.0 = Release|Any CPU
		{B1000000-0000-0000-0000-000000000006}.Debug|Any CPU.ActiveCfg = Debug|Any CPU
		{B1000000-0000-0000-0000-000000000006}.Debug|Any CPU.Build.0 = Debug|Any CPU
		{B1000000-0000-0000-0000-000000000006}.Release|Any CPU.ActiveCfg = Release|Any CPU
		{B1000000-0000-0000-0000-000000000006}.Release|Any CPU.Build.0 = Release|Any CPU
		{B1000000-0000-0000-0000-000000000007}.Debug|Any CPU.ActiveCfg = Debug|Any CPU
		{B1000000-0000-0000-0000-000000000007}.Debug|Any CPU.Build.0 = Debug|Any CPU
		{B1000000-0000-0000-0000-000000000007}.Release|Any CPU.ActiveCfg = Release|Any CPU
		{B1000000-0000-0000-0000-000000000007}.Release|Any CPU.Build.0 = Release|Any CPU
		{B1000000-0000-0000-0000-000000000008}.Debug|Any CPU.ActiveCfg = Debug|Any CPU
		{B1000000-0000-0000-0000-000000000008}.Debug|Any CPU.Build.0 = Debug|Any CPU
		{B1000000-0000-0000-0000-000000000008}.Release|Any CPU.ActiveCfg = Release|Any CPU
		{B1000000-0000-0000-0000-000000000008}.Release|Any CPU.Build.0 = Release|Any CPU
		{B1000000-0000-0000-0000-000000000009}.Debug|Any CPU.ActiveCfg = Debug|Any CPU
		{B1000000-0000-0000-0000-000000000009}.Debug|Any CPU.Build.0 = Debug|Any CPU
		{B1000000-0000-0000-0000-000000000009}.Release|Any CPU.ActiveCfg = Release|Any CPU
		{B1000000-0000-0000-0000-000000000009}.Release|Any CPU.Build.0 = Release|Any CPU
		{B1000000-0000-0000-0000-000000000010}.Debug|Any CPU.ActiveCfg = Debug|Any CPU
		{B1000000-0000-0000-0000-000000000010}.Debug|Any CPU.Build.0 = Debug|Any CPU
		{B1000000-0000-0000-0000-000000000010}.Release|Any CPU.ActiveCfg = Release|Any CPU
		{B1000000-0000-0000-0000-000000000010}.Release|Any CPU.Build.0 = Release|Any CPU
		{B1000000-0000-0000-0000-000000000011}.Debug|Any CPU.ActiveCfg = Debug|Any CPU
		{B1000000-0000-0000-0000-000000000011}.Debug|Any CPU.Build.0 = Debug|Any CPU
		{B1000000-0000-0000-0000-000000000011}.Release|Any CPU.ActiveCfg = Release|Any CPU
		{B1000000-0000-0000-0000-000000000011}.Release|Any CPU.Build.0 = Release|Any CPU
		{A1640F39-6CCC-45BD-942E-E7AD5BC465FB}.Debug|Any CPU.ActiveCfg = Debug|Any CPU
		{A1640F39-6CCC-45BD-942E-E7AD5BC465FB}.Debug|Any CPU.Build.0 = Debug|Any CPU
		{A1640F39-6CCC-45BD-942E-E7AD5BC465FB}.Release|Any CPU.ActiveCfg = Release|Any CPU
		{A1640F39-6CCC-45BD-942E-E7AD5BC465FB}.Release|Any CPU.Build.0 = Release|Any CPU
		{543F088D-26A1-4B45-8378-AA1BEBB8548E}.Debug|Any CPU.ActiveCfg = Debug|Any CPU
		{543F088D-26A1-4B45-8378-AA1BEBB8548E}.Debug|Any CPU.Build.0 = Debug|Any CPU
		{543F088D-26A1-4B45-8378-AA1BEBB8548E}.Release|Any CPU.ActiveCfg = Release|Any CPU
		{543F088D-26A1-4B45-8378-AA1BEBB8548E}.Release|Any CPU.Build.0 = Release|Any CPU
		{AC040CC0-B402-4030-BB7C-016C0BB7E91C}.Debug|Any CPU.ActiveCfg = Debug|Any CPU
		{AC040CC0-B402-4030-BB7C-016C0BB7E91C}.Debug|Any CPU.Build.0 = Debug|Any CPU
		{AC040CC0-B402-4030-BB7C-016C0BB7E91C}.Release|Any CPU.ActiveCfg = Release|Any CPU
		{AC040CC0-B402-4030-BB7C-016C0BB7E91C}.Release|Any CPU.Build.0 = Release|Any CPU
		{B9CAE6C2-2050-42E8-9F41-05C70D2B589E}.Debug|Any CPU.ActiveCfg = Debug|Any CPU
		{B9CAE6C2-2050-42E8-9F41-05C70D2B589E}.Debug|Any CPU.Build.0 = Debug|Any CPU
		{B9CAE6C2-2050-42E8-9F41-05C70D2B589E}.Release|Any CPU.ActiveCfg = Release|Any CPU
		{B9CAE6C2-2050-42E8-9F41-05C70D2B589E}.Release|Any CPU.Build.0 = Release|Any CPU
		{BF88FBAE-60FB-4B3C-98B1-203DDF290148}.Debug|Any CPU.ActiveCfg = Debug|Any CPU
		{BF88FBAE-60FB-4B3C-98B1-203DDF290148}.Debug|Any CPU.Build.0 = Debug|Any CPU
		{BF88FBAE-60FB-4B3C-98B1-203DDF290148}.Release|Any CPU.ActiveCfg = Release|Any CPU
		{BF88FBAE-60FB-4B3C-98B1-203DDF290148}.Release|Any CPU.Build.0 = Release|Any CPU
		{BF3F17AF-B5CC-441F-B1FC-4FDBE3D93BFB}.Debug|Any CPU.ActiveCfg = Debug|Any CPU
		{BF3F17AF-B5CC-441F-B1FC-4FDBE3D93BFB}.Debug|Any CPU.Build.0 = Debug|Any CPU
		{BF3F17AF-B5CC-441F-B1FC-4FDBE3D93BFB}.Release|Any CPU.ActiveCfg = Release|Any CPU
		{BF3F17AF-B5CC-441F-B1FC-4FDBE3D93BFB}.Release|Any CPU.Build.0 = Release|Any CPU
		{E7566385-6749-4CD1-ACAB-E74263CE8C59}.Debug|Any CPU.ActiveCfg = Debug|Any CPU
		{E7566385-6749-4CD1-ACAB-E74263CE8C59}.Debug|Any CPU.Build.0 = Debug|Any CPU
		{E7566385-6749-4CD1-ACAB-E74263CE8C59}.Release|Any CPU.ActiveCfg = Release|Any CPU
		{E7566385-6749-4CD1-ACAB-E74263CE8C59}.Release|Any CPU.Build.0 = Release|Any CPU
		{3EBD2984-2226-4A82-B6D8-DF406CD505F7}.Debug|Any CPU.ActiveCfg = Debug|Any CPU
		{3EBD2984-2226-4A82-B6D8-DF406CD505F7}.Debug|Any CPU.Build.0 = Debug|Any CPU
		{3EBD2984-2226-4A82-B6D8-DF406CD505F7}.Release|Any CPU.ActiveCfg = Release|Any CPU
		{3EBD2984-2226-4A82-B6D8-DF406CD505F7}.Release|Any CPU.Build.0 = Release|Any CPU
		{632A4545-1464-4412-AFF8-01A4EA18A271}.Debug|Any CPU.ActiveCfg = Debug|Any CPU
		{632A4545-1464-4412-AFF8-01A4EA18A271}.Debug|Any CPU.Build.0 = Debug|Any CPU
		{632A4545-1464-4412-AFF8-01A4EA18A271}.Release|Any CPU.ActiveCfg = Release|Any CPU
		{632A4545-1464-4412-AFF8-01A4EA18A271}.Release|Any CPU.Build.0 = Release|Any CPU
		{466BF236-8DDE-43F3-B9E1-53EE3A8203A3}.Debug|Any CPU.ActiveCfg = Debug|Any CPU
		{466BF236-8DDE-43F3-B9E1-53EE3A8203A3}.Debug|Any CPU.Build.0 = Debug|Any CPU
		{466BF236-8DDE-43F3-B9E1-53EE3A8203A3}.Release|Any CPU.ActiveCfg = Release|Any CPU
		{466BF236-8DDE-43F3-B9E1-53EE3A8203A3}.Release|Any CPU.Build.0 = Release|Any CPU
		{318F4A43-7E94-4F0C-9A73-B1C1E2C79DC6}.Debug|Any CPU.ActiveCfg = Debug|Any CPU
		{318F4A43-7E94-4F0C-9A73-B1C1E2C79DC6}.Debug|Any CPU.Build.0 = Debug|Any CPU
		{318F4A43-7E94-4F0C-9A73-B1C1E2C79DC6}.Release|Any CPU.ActiveCfg = Release|Any CPU
		{318F4A43-7E94-4F0C-9A73-B1C1E2C79DC6}.Release|Any CPU.Build.0 = Release|Any CPU
		{58E9E20B-4AC2-422B-9FF3-5AB96303A796}.Debug|Any CPU.ActiveCfg = Debug|Any CPU
		{58E9E20B-4AC2-422B-9FF3-5AB96303A796}.Debug|Any CPU.Build.0 = Debug|Any CPU
		{58E9E20B-4AC2-422B-9FF3-5AB96303A796}.Release|Any CPU.ActiveCfg = Release|Any CPU
		{58E9E20B-4AC2-422B-9FF3-5AB96303A796}.Release|Any CPU.Build.0 = Release|Any CPU
		{08A2990F-8ACB-49CB-8088-FC29677C53C1}.Debug|Any CPU.ActiveCfg = Debug|Any CPU
		{08A2990F-8ACB-49CB-8088-FC29677C53C1}.Debug|Any CPU.Build.0 = Debug|Any CPU
		{08A2990F-8ACB-49CB-8088-FC29677C53C1}.Release|Any CPU.ActiveCfg = Release|Any CPU
		{08A2990F-8ACB-49CB-8088-FC29677C53C1}.Release|Any CPU.Build.0 = Release|Any CPU
		{2B50F7C3-47C1-4392-A11B-0E8EB73A2377}.Debug|Any CPU.ActiveCfg = Debug|Any CPU
		{2B50F7C3-47C1-4392-A11B-0E8EB73A2377}.Debug|Any CPU.Build.0 = Debug|Any CPU
		{2B50F7C3-47C1-4392-A11B-0E8EB73A2377}.Release|Any CPU.ActiveCfg = Release|Any CPU
		{2B50F7C3-47C1-4392-A11B-0E8EB73A2377}.Release|Any CPU.Build.0 = Release|Any CPU
		{91A03B27-EF0A-49AA-9161-393AB3E51C4F}.Debug|Any CPU.ActiveCfg = Debug|Any CPU
		{91A03B27-EF0A-49AA-9161-393AB3E51C4F}.Debug|Any CPU.Build.0 = Debug|Any CPU
		{91A03B27-EF0A-49AA-9161-393AB3E51C4F}.Release|Any CPU.ActiveCfg = Release|Any CPU
		{91A03B27-EF0A-49AA-9161-393AB3E51C4F}.Release|Any CPU.Build.0 = Release|Any CPU
		{C8F3A98F-3736-4E84-B8C3-4AED5B64F931}.Debug|Any CPU.ActiveCfg = Debug|Any CPU
		{C8F3A98F-3736-4E84-B8C3-4AED5B64F931}.Debug|Any CPU.Build.0 = Debug|Any CPU
		{C8F3A98F-3736-4E84-B8C3-4AED5B64F931}.Release|Any CPU.ActiveCfg = Release|Any CPU
		{C8F3A98F-3736-4E84-B8C3-4AED5B64F931}.Release|Any CPU.Build.0 = Release|Any CPU
	EndGlobalSection
	GlobalSection(SolutionProperties) = preSolution
		HideSolutionNode = FALSE
	EndGlobalSection
	GlobalSection(NestedProjects) = preSolution
		{A6F31C10-EE8D-43F3-A8AC-3D4D9971809C} = {1789C23A-03BB-472C-8899-A7C00F4A2C25}
		{B5723FB2-90A2-4AE1-9B2C-F7B809AC9451} = {A6F31C10-EE8D-43F3-A8AC-3D4D9971809C}
		{A1640F39-6CCC-45BD-942E-E7AD5BC465FB} = {B5723FB2-90A2-4AE1-9B2C-F7B809AC9451}
		{543F088D-26A1-4B45-8378-AA1BEBB8548E} = {B5723FB2-90A2-4AE1-9B2C-F7B809AC9451}
		{AC040CC0-B402-4030-BB7C-016C0BB7E91C} = {B5723FB2-90A2-4AE1-9B2C-F7B809AC9451}
		{B9CAE6C2-2050-42E8-9F41-05C70D2B589E} = {B5723FB2-90A2-4AE1-9B2C-F7B809AC9451}
		{BF88FBAE-60FB-4B3C-98B1-203DDF290148} = {7A0997D7-D3B4-43CB-8AD3-F0794E71900F}
		{E64DCB25-CF71-4475-A7B5-4E68D3344E49} = {A6F31C10-EE8D-43F3-A8AC-3D4D9971809C}
		{BF3F17AF-B5CC-441F-B1FC-4FDBE3D93BFB} = {E64DCB25-CF71-4475-A7B5-4E68D3344E49}
		{E7566385-6749-4CD1-ACAB-E74263CE8C59} = {E64DCB25-CF71-4475-A7B5-4E68D3344E49}
		{3EBD2984-2226-4A82-B6D8-DF406CD505F7} = {E64DCB25-CF71-4475-A7B5-4E68D3344E49}
		{632A4545-1464-4412-AFF8-01A4EA18A271} = {E64DCB25-CF71-4475-A7B5-4E68D3344E49}
		{466BF236-8DDE-43F3-B9E1-53EE3A8203A3} = {7A0997D7-D3B4-43CB-8AD3-F0794E71900F}
		{A330CAB9-FA59-450E-8BB3-1FDA87E45831} = {A6F31C10-EE8D-43F3-A8AC-3D4D9971809C}
		{318F4A43-7E94-4F0C-9A73-B1C1E2C79DC6} = {A330CAB9-FA59-450E-8BB3-1FDA87E45831}
		{58E9E20B-4AC2-422B-9FF3-5AB96303A796} = {A330CAB9-FA59-450E-8BB3-1FDA87E45831}
		{08A2990F-8ACB-49CB-8088-FC29677C53C1} = {A330CAB9-FA59-450E-8BB3-1FDA87E45831}
		{2B50F7C3-47C1-4392-A11B-0E8EB73A2377} = {A330CAB9-FA59-450E-8BB3-1FDA87E45831}
		{91A03B27-EF0A-49AA-9161-393AB3E51C4F} = {7A0997D7-D3B4-43CB-8AD3-F0794E71900F}
		{348D1DB6-DDA0-4F47-94AC-B27640806070} = {1789C23A-03BB-472C-8899-A7C00F4A2C25}
		{C8F3A98F-3736-4E84-B8C3-4AED5B64F931} = {348D1DB6-DDA0-4F47-94AC-B27640806070}
	EndGlobalSection
EndGlobal
