Microsoft Visual Studio Solution File, Format Version 12.00
# Visual Studio Version 17
VisualStudioVersion = 17.0.31903.59
MinimumVisualStudioVersion = 10.0.40219.1
Project("{9A19103F-16F7-4668-BE54-9A1E7A4F7556}") = "Nexo.BuildingBlocks.Domain", "src\BuildingBlocks\Nexo.BuildingBlocks.Domain\Nexo.BuildingBlocks.Domain.csproj", "{B1000000-0000-0000-0000-000000000001}"
EndProject
Project("{9A19103F-16F7-4668-BE54-9A1E7A4F7556}") = "Nexo.BuildingBlocks.Application", "src\BuildingBlocks\Nexo.BuildingBlocks.Application\Nexo.BuildingBlocks.Application.csproj", "{B1000000-0000-0000-0000-000000000002}"
EndProject
Project("{9A19103F-16F7-4668-BE54-9A1E7A4F7556}") = "Nexo.BuildingBlocks.MultiTenancy", "src\BuildingBlocks\Nexo.BuildingBlocks.MultiTenancy\Nexo.BuildingBlocks.MultiTenancy.csproj", "{B1000000-0000-0000-0000-000000000003}"
EndProject
Project("{9A19103F-16F7-4668-BE54-9A1E7A4F7556}") = "Nexo.BuildingBlocks.Messaging", "src\BuildingBlocks\Nexo.BuildingBlocks.Messaging\Nexo.BuildingBlocks.Messaging.csproj", "{B1000000-0000-0000-0000-000000000004}"
EndProject
Project("{9A19103F-16F7-4668-BE54-9A1E7A4F7556}") = "Nexo.BuildingBlocks.Observability", "src\BuildingBlocks\Nexo.BuildingBlocks.Observability\Nexo.BuildingBlocks.Observability.csproj", "{B1000000-0000-0000-0000-000000000005}"
EndProject
Project("{9A19103F-16F7-4668-BE54-9A1E7A4F7556}") = "Nexo.BuildingBlocks.Web", "src\BuildingBlocks\Nexo.BuildingBlocks.Web\Nexo.BuildingBlocks.Web.csproj", "{B1000000-0000-0000-0000-000000000006}"
EndProject
Project("{2150E333-8FDC-42A3-9474-1A3956D46DE8}") = "src", "src", "{1789C23A-03BB-472C-8899-A7C00F4A2C25}"
EndProject
Project("{2150E333-8FDC-42A3-9474-1A3956D46DE8}") = "Services", "Services", "{A6F31C10-EE8D-43F3-A8AC-3D4D9971809C}"
EndProject
Project("{2150E333-8FDC-42A3-9474-1A3956D46DE8}") = "BuildingBlocks", "BuildingBlocks", "{348D1DB6-DDA0-4F47-94AC-B27640806070}"
EndProject
Project("{FAE04EC0-301F-11D3-BF4B-00C04F79EFBC}") = "Nexo.BuildingBlocks.Outbox", "src\BuildingBlocks\Nexo.BuildingBlocks.Outbox\Nexo.BuildingBlocks.Outbox.csproj", "{C8F3A98F-3736-4E84-B8C3-4AED5B64F931}"
EndProject
Project("{2150E333-8FDC-42A3-9474-1A3956D46DE8}") = "Nexo.EventEngine", "Nexo.EventEngine", "{900FAEE7-0069-482D-B6CA-1AE689D09DA2}"
EndProject
Project("{FAE04EC0-301F-11D3-BF4B-00C04F79EFBC}") = "Nexo.EventEngine.Api", "src\Services\Nexo.EventEngine\Nexo.EventEngine.Api\Nexo.EventEngine.Api.csproj", "{AF3BD53F-3759-4A73-8FD0-2060F3289F32}"
EndProject
Project("{2150E333-8FDC-42A3-9474-1A3956D46DE8}") = "cloud", "cloud", "{1FC764E3-09A3-4208-9A92-6D042E4D2158}"
EndProject
Project("{2150E333-8FDC-42A3-9474-1A3956D46DE8}") = "Nexo.MesApi", "Nexo.MesApi", "{5FEF15E2-E86F-4269-8348-A1772313925F}"
EndProject
Project("{FAE04EC0-301F-11D3-BF4B-00C04F79EFBC}") = "Nexo.MesApi.Domain", "src\cloud\Nexo.MesApi\Nexo.MesApi.Domain\Nexo.MesApi.Domain.csproj", "{6064B388-DC8B-46F0-A9E8-A2182921319A}"
EndProject
Project("{FAE04EC0-301F-11D3-BF4B-00C04F79EFBC}") = "Nexo.MesApi.Application", "src\cloud\Nexo.MesApi\Nexo.MesApi.Application\Nexo.MesApi.Application.csproj", "{D6E1B351-76EC-4B68-8CBE-763887BDE92C}"
EndProject
Project("{FAE04EC0-301F-11D3-BF4B-00C04F79EFBC}") = "Nexo.MesApi.Infrastructure", "src\cloud\Nexo.MesApi\Nexo.MesApi.Infrastructure\Nexo.MesApi.Infrastructure.csproj", "{C85C95FF-FFDC-423D-B9FD-C5FDC1499E42}"
EndProject
Project("{FAE04EC0-301F-11D3-BF4B-00C04F79EFBC}") = "Nexo.MesApi.Api", "src\cloud\Nexo.MesApi\Nexo.MesApi.Api\Nexo.MesApi.Api.csproj", "{82B31249-4A23-4873-B308-B98BA9F7A759}"
EndProject
Project("{FAE04EC0-301F-11D3-BF4B-00C04F79EFBC}") = "Nexo.RulesEngine", "src\cloud\Nexo.RulesEngine\Nexo.RulesEngine.csproj", "{06EE3531-101F-4C6E-9B04-15673DB0EC19}"
EndProject
Project("{FAE04EC0-301F-11D3-BF4B-00C04F79EFBC}") = "Nexo.EventGateway", "src\cloud\Nexo.EventGateway\Nexo.EventGateway.csproj", "{5C452B44-1AA6-4205-8711-4570018FE5E9}"
EndProject
Project("{2150E333-8FDC-42A3-9474-1A3956D46DE8}") = "edge", "edge", "{8D606680-FC17-47FC-A5D7-43B3FFCB7F9D}"
EndProject
Project("{FAE04EC0-301F-11D3-BF4B-00C04F79EFBC}") = "edge-signals", "src\edge\edge-signals\edge-signals.csproj", "{DE210760-5317-4F53-94A9-70A62C110C9F}"
EndProject
Global
	GlobalSection(SolutionConfigurationPlatforms) = preSolution
		Debug|Any CPU = Debug|Any CPU
		Release|Any CPU = Release|Any CPU
	EndGlobalSection
	GlobalSection(ProjectConfigurationPlatforms) = postSolution
		{B1000000-0000-0000-0000-000000000001}.Debug|Any CPU.ActiveCfg = Debug|Any CPU
		{B1000000-0000-0000-0000-000000000001}.Debug|Any CPU.Build.0 = Debug|Any CPU
		{B1000000-0000-0000-0000-000000000001}.Release|Any CPU.ActiveCfg = Release|Any CPU
		{B1000000-0000-0000-0000-000000000001}.Release|Any CPU.Build.0 = Release|Any CPU
		{B1000000-0000-0000-0000-000000000002}.Debug|Any CPU.ActiveCfg = Debug|Any CPU
		{B1000000-0000-0000-0000-000000000002}.Debug|Any CPU.Build.0 = Debug|Any CPU
		{B1000000-0000-0000-0000-000000000002}.Release|Any CPU.ActiveCfg = Release|Any CPU
		{B1000000-0000-0000-0000-000000000002}.Release|Any CPU.Build.0 = Release|Any CPU
		{B1000000-0000-0000-0000-000000000003}.Debug|Any CPU.ActiveCfg = Debug|Any CPU
		{B1000000-0000-0000-0000-000000000003}.Debug|Any CPU.Build.0 = Debug|Any CPU
		{B1000000-0000-0000-0000-000000000003}.Release|Any CPU.ActiveCfg = Release|Any CPU
		{B1000000-0000-0000-0000-000000000003}.Release|Any CPU.Build.0 = Release|Any CPU
		{B1000000-0000-0000-0000-000000000004}.Debug|Any CPU.ActiveCfg = Debug|Any CPU
		{B1000000-0000-0000-0000-000000000004}.Debug|Any CPU.Build.0 = Debug|Any CPU
		{B1000000-0000-0000-0000-000000000004}.Release|Any CPU.ActiveCfg = Release|Any CPU
		{B1000000-0000-0000-0000-000000000004}.Release|Any CPU.Build.0 = Release|Any CPU
		{B1000000-0000-0000-0000-000000000005}.Debug|Any CPU.ActiveCfg = Debug|Any CPU
		{B1000000-0000-0000-0000-000000000005}.Debug|Any CPU.Build.0 = Debug|Any CPU
		{B1000000-0000-0000-0000-000000000005}.Release|Any CPU.ActiveCfg = Release|Any CPU
		{B1000000-0000-0000-0000-000000000005}.Release|Any CPU.Build.0 = Release|Any CPU
		{B1000000-0000-0000-0000-000000000006}.Debug|Any CPU.ActiveCfg = Debug|Any CPU
		{B1000000-0000-0000-0000-000000000006}.Debug|Any CPU.Build.0 = Debug|Any CPU
		{B1000000-0000-0000-0000-000000000006}.Release|Any CPU.ActiveCfg = Release|Any CPU
		{B1000000-0000-0000-0000-000000000006}.Release|Any CPU.Build.0 = Release|Any CPU
		{C8F3A98F-3736-4E84-B8C3-4AED5B64F931}.Debug|Any CPU.ActiveCfg = Debug|Any CPU
		{C8F3A98F-3736-4E84-B8C3-4AED5B64F931}.Debug|Any CPU.Build.0 = Debug|Any CPU
		{C8F3A98F-3736-4E84-B8C3-4AED5B64F931}.Release|Any CPU.ActiveCfg = Release|Any CPU
		{C8F3A98F-3736-4E84-B8C3-4AED5B64F931}.Release|Any CPU.Build.0 = Release|Any CPU
		{AF3BD53F-3759-4A73-8FD0-2060F3289F32}.Debug|Any CPU.ActiveCfg = Debug|Any CPU
		{AF3BD53F-3759-4A73-8FD0-2060F3289F32}.Debug|Any CPU.Build.0 = Debug|Any CPU
		{AF3BD53F-3759-4A73-8FD0-2060F3289F32}.Release|Any CPU.ActiveCfg = Release|Any CPU
		{AF3BD53F-3759-4A73-8FD0-2060F3289F32}.Release|Any CPU.Build.0 = Release|Any CPU
		{6064B388-DC8B-46F0-A9E8-A2182921319A}.Debug|Any CPU.ActiveCfg = Debug|Any CPU
		{6064B388-DC8B-46F0-A9E8-A2182921319A}.Debug|Any CPU.Build.0 = Debug|Any CPU
		{6064B388-DC8B-46F0-A9E8-A2182921319A}.Release|Any CPU.ActiveCfg = Release|Any CPU
		{6064B388-DC8B-46F0-A9E8-A2182921319A}.Release|Any CPU.Build.0 = Release|Any CPU
		{D6E1B351-76EC-4B68-8CBE-763887BDE92C}.Debug|Any CPU.ActiveCfg = Debug|Any CPU
		{D6E1B351-76EC-4B68-8CBE-763887BDE92C}.Debug|Any CPU.Build.0 = Debug|Any CPU
		{D6E1B351-76EC-4B68-8CBE-763887BDE92C}.Release|Any CPU.ActiveCfg = Release|Any CPU
		{D6E1B351-76EC-4B68-8CBE-763887BDE92C}.Release|Any CPU.Build.0 = Release|Any CPU
		{C85C95FF-FFDC-423D-B9FD-C5FDC1499E42}.Debug|Any CPU.ActiveCfg = Debug|Any CPU
		{C85C95FF-FFDC-423D-B9FD-C5FDC1499E42}.Debug|Any CPU.Build.0 = Debug|Any CPU
		{C85C95FF-FFDC-423D-B9FD-C5FDC1499E42}.Release|Any CPU.ActiveCfg = Release|Any CPU
		{C85C95FF-FFDC-423D-B9FD-C5FDC1499E42}.Release|Any CPU.Build.0 = Release|Any CPU
		{82B31249-4A23-4873-B308-B98BA9F7A759}.Debug|Any CPU.ActiveCfg = Debug|Any CPU
		{82B31249-4A23-4873-B308-B98BA9F7A759}.Debug|Any CPU.Build.0 = Debug|Any CPU
		{82B31249-4A23-4873-B308-B98BA9F7A759}.Release|Any CPU.ActiveCfg = Release|Any CPU
		{82B31249-4A23-4873-B308-B98BA9F7A759}.Release|Any CPU.Build.0 = Release|Any CPU
		{06EE3531-101F-4C6E-9B04-15673DB0EC19}.Debug|Any CPU.ActiveCfg = Debug|Any CPU
		{06EE3531-101F-4C6E-9B04-15673DB0EC19}.Debug|Any CPU.Build.0 = Debug|Any CPU
		{06EE3531-101F-4C6E-9B04-15673DB0EC19}.Release|Any CPU.ActiveCfg = Release|Any CPU
		{06EE3531-101F-4C6E-9B04-15673DB0EC19}.Release|Any CPU.Build.0 = Release|Any CPU
		{5C452B44-1AA6-4205-8711-4570018FE5E9}.Debug|Any CPU.ActiveCfg = Debug|Any CPU
		{5C452B44-1AA6-4205-8711-4570018FE5E9}.Debug|Any CPU.Build.0 = Debug|Any CPU
		{5C452B44-1AA6-4205-8711-4570018FE5E9}.Release|Any CPU.ActiveCfg = Release|Any CPU
		{5C452B44-1AA6-4205-8711-4570018FE5E9}.Release|Any CPU.Build.0 = Release|Any CPU
		{DE210760-5317-4F53-94A9-70A62C110C9F}.Debug|Any CPU.ActiveCfg = Debug|Any CPU
		{DE210760-5317-4F53-94A9-70A62C110C9F}.Debug|Any CPU.Build.0 = Debug|Any CPU
		{DE210760-5317-4F53-94A9-70A62C110C9F}.Release|Any CPU.ActiveCfg = Release|Any CPU
		{DE210760-5317-4F53-94A9-70A62C110C9F}.Release|Any CPU.Build.0 = Release|Any CPU
	EndGlobalSection
	GlobalSection(SolutionProperties) = preSolution
		HideSolutionNode = FALSE
	EndGlobalSection
	GlobalSection(NestedProjects) = preSolution
		{A6F31C10-EE8D-43F3-A8AC-3D4D9971809C} = {1789C23A-03BB-472C-8899-A7C00F4A2C25}
		{348D1DB6-DDA0-4F47-94AC-B27640806070} = {1789C23A-03BB-472C-8899-A7C00F4A2C25}
		{C8F3A98F-3736-4E84-B8C3-4AED5B64F931} = {348D1DB6-DDA0-4F47-94AC-B27640806070}
		{900FAEE7-0069-482D-B6CA-1AE689D09DA2} = {A6F31C10-EE8D-43F3-A8AC-3D4D9971809C}
		{AF3BD53F-3759-4A73-8FD0-2060F3289F32} = {900FAEE7-0069-482D-B6CA-1AE689D09DA2}
		{1FC764E3-09A3-4208-9A92-6D042E4D2158} = {1789C23A-03BB-472C-8899-A7C00F4A2C25}
		{5FEF15E2-E86F-4269-8348-A1772313925F} = {1FC764E3-09A3-4208-9A92-6D042E4D2158}
		{6064B388-DC8B-46F0-A9E8-A2182921319A} = {5FEF15E2-E86F-4269-8348-A1772313925F}
		{D6E1B351-76EC-4B68-8CBE-763887BDE92C} = {5FEF15E2-E86F-4269-8348-A1772313925F}
		{C85C95FF-FFDC-423D-B9FD-C5FDC1499E42} = {5FEF15E2-E86F-4269-8348-A1772313925F}
		{82B31249-4A23-4873-B308-B98BA9F7A759} = {5FEF15E2-E86F-4269-8348-A1772313925F}
		{06EE3531-101F-4C6E-9B04-15673DB0EC19} = {1FC764E3-09A3-4208-9A92-6D042E4D2158}
		{5C452B44-1AA6-4205-8711-4570018FE5E9} = {1FC764E3-09A3-4208-9A92-6D042E4D2158}
		{8D606680-FC17-47FC-A5D7-43B3FFCB7F9D} = {1789C23A-03BB-472C-8899-A7C00F4A2C25}
		{DE210760-5317-4F53-94A9-70A62C110C9F} = {8D606680-FC17-47FC-A5D7-43B3FFCB7F9D}
	EndGlobalSection
EndGlobal
